
Microsoft Visual Studio Solution File, Format Version 12.00
# Visual Studio 14
VisualStudioVersion = 14.0.25420.1
MinimumVisualStudioVersion = 10.0.40219.1
Project("{FAE04EC0-301F-11D3-BF4B-00C04F79EFBC}") = "GenerateExtension", "GenerateExtension\GenerateExtension.csproj", "{5BF967F2-EB3D-45C8-9911-BE7CF88C605E}"
EndProject
Project("{FAE04EC0-301F-11D3-BF4B-00C04F79EFBC}") = "ConsoleApplication1", "ConsoleApplication1\ConsoleApplication1.csproj", "{C2934F56-8AE4-4AB9-BF83-6D1E96BDAADD}"
EndProject
Global
	GlobalSection(SolutionConfigurationPlatforms) = preSolution
		Debug|Any CPU = Debug|Any CPU
		Release|Any CPU = Release|Any CPU
	EndGlobalSection
	GlobalSection(ProjectConfigurationPlatforms) = postSolution
		{5BF967F2-EB3D-45C8-9911-BE7CF88C605E}.Debug|Any CPU.ActiveCfg = Debug|Any CPU
		{5BF967F2-EB3D-45C8-9911-BE7CF88C605E}.Debug|Any CPU.Build.0 = Debug|Any CPU
		{5BF967F2-EB3D-45C8-9911-BE7CF88C605E}.Release|Any CPU.ActiveCfg = Release|Any CPU
		{5BF967F2-EB3D-45C8-9911-BE7CF88C605E}.Release|Any CPU.Build.0 = Release|Any CPU
		{C2934F56-8AE4-4AB9-BF83-6D1E96BDAADD}.Debug|Any CPU.ActiveCfg = Debug|Any CPU
		{C2934F56-8AE4-4AB9-BF83-6D1E96BDAADD}.Debug|Any CPU.Build.0 = Debug|Any CPU
		{C2934F56-8AE4-4AB9-BF83-6D1E96BDAADD}.Release|Any CPU.ActiveCfg = Release|Any CPU
		{C2934F56-8AE4-4AB9-BF83-6D1E96BDAADD}.Release|Any CPU.Build.0 = Release|Any CPU
	EndGlobalSection
	GlobalSection(SolutionProperties) = preSolution
		HideSolutionNode = FALSE
	EndGlobalSection
EndGlobal
